PODS:
  - HYAppBundle (0.1.2)
  - HYAsyncDisplayKit (0.3.6):
    - HYUIKitRuntimeUtils (= 1.0.4)
  - HYDisplay (0.1.3):
    - HYAppBundle (= 0.1.2)
    - HYAsyncDisplayKit (= 0.3.6)
    - HYSwiftSignalKit (= 0.1.2)
  - HYSwiftSignalKit (0.1.2)
  - HYUIKitRuntimeUtils (1.0.4)

DEPENDENCIES:
  - HYDisplay (from `../`)

SPEC REPOS:
  trunk:
    - HYAppBundle
    - HYAsyncDisplayKit
    - HYSwiftSignalKit
    - HYUIKitRuntimeUtils

EXTERNAL SOURCES:
  HYDisplay:
    :path: "../"

SPEC CHECKSUMS:
  HYAppBundle: 940ed223c3d3c1a5bc33e02ac6c31718ebdc9b31
  HYAsyncDisplayKit: 483a5769fe4aedd4937f6a4ca838319f6f508fcb
  HYDisplay: ec7e1e0f0ea4a836afce59928f6868d8f8903f0b
  HYSwiftSignalKit: b258ef7f9d44aa9af100686bb85764c903916408
  HYUIKitRuntimeUtils: b5d2e746a737ae4f35e204587dad6b3107ece1c3

PODFILE CHECKSUM: 410dc5efe68ce9a3d239bec767146e791eda7036

COCOAPODS: 1.16.2
